// !$*UTF8*$!
{
	archiveVersion = 1;
	classes = {
	};
	objectVersion = 55;
	objects = {

/* Begin PBXBuildFile section */
		FF2D2AB228B40EA700C64947 /* LoginViewController.storyboard in Resources */ = {isa = PBXBuildFile; fileRef = FF2D2AB028B40EA700C64947 /* LoginViewController.storyboard */; };
		FF2D2AB428B40EE500C64947 /* MainViewController.storyboard in Resources */ = {isa = PBXBuildFile; fileRef = FF2D2AB328B40EE500C64947 /* MainViewController.storyboard */; };
		FF2D2AB728B40F4600C64947 /* QuestionsViewController.storyboard in Resources */ = {isa = PBXBuildFile; fileRef = FF2D2AB528B40F4600C64947 /* QuestionsViewController.storyboard */; };
		FF75725D28AFF9C700C549A3 /* ProgressView.swift in Sources */ = {isa = PBXBuildFile; fileRef = FF75725C28AFF9C700C549A3 /* ProgressView.swift */; };
		FF75725F28AFF9E800C549A3 /* ProgressView.xib in Resources */ = {isa = PBXBuildFile; fileRef = FF75725E28AFF9E800C549A3 /* ProgressView.xib */; };
		FF75726128AFFA0A00C549A3 /* +UIView.swift in Sources */ = {isa = PBXBuildFile; fileRef = FF75726028AFFA0A00C549A3 /* +UIView.swift */; };
		FFA069F728ABA20600E873C1 /* AppDelegate.swift in Sources */ = {isa = PBXBuildFile; fileRef = FFA069F628ABA20600E873C1 /* AppDelegate.swift */; };
		FFA069F928ABA20600E873C1 /* SceneDelegate.swift in Sources */ = {isa = PBXBuildFile; fileRef = FFA069F828ABA20600E873C1 /* SceneDelegate.swift */; };
		FFA06A0028ABA20900E873C1 /* Assets.xcassets in Resources */ = {isa = PBXBuildFile; fileRef = FFA069FF28ABA20900E873C1 /* Assets.xcassets */; };
		FFA06A0328ABA20900E873C1 /* LaunchScreen.storyboard in Resources */ = {isa = PBXBuildFile; fileRef = FFA06A0128ABA20900E873C1 /* LaunchScreen.storyboard */; };
		FFB50DA328B7C9AC003B4F95 /* QuestionsView.swift in Sources */ = {isa = PBXBuildFile; fileRef = FFB50DA228B7C9AC003B4F95 /* QuestionsView.swift */; };
		FFB50DA528B7C9C3003B4F95 /* QuestionsView.xib in Resources */ = {isa = PBXBuildFile; fileRef = FFB50DA428B7C9C3003B4F95 /* QuestionsView.xib */; };
		FFB50DA728B7CB63003B4F95 /* MainView.swift in Sources */ = {isa = PBXBuildFile; fileRef = FFB50DA628B7CB63003B4F95 /* MainView.swift */; };
		FFB50DA928B7CB7B003B4F95 /* MainView.xib in Resources */ = {isa = PBXBuildFile; fileRef = FFB50DA828B7CB7B003B4F95 /* MainView.xib */; };
		FFB50DAB28B7CBE7003B4F95 /* LoginView.swift in Sources */ = {isa = PBXBuildFile; fileRef = FFB50DAA28B7CBE7003B4F95 /* LoginView.swift */; };
		FFB50DAD28B7CBF3003B4F95 /* LoginView.xib in Resources */ = {isa = PBXBuildFile; fileRef = FFB50DAC28B7CBF3003B4F95 /* LoginView.xib */; };
		FFE650EC28AE9BDC00AA1DCE /* LoginViewController.swift in Sources */ = {isa = PBXBuildFile; fileRef = FFE650EB28AE9BDC00AA1DCE /* LoginViewController.swift */; };
		FFE650EE28AE9C3C00AA1DCE /* MainViewController.swift in Sources */ = {isa = PBXBuildFile; fileRef = FFE650ED28AE9C3C00AA1DCE /* MainViewController.swift */; };
		FFE650F028AE9C5400AA1DCE /* QuestionsViewController.swift in Sources */ = {isa = PBXBuildFile; fileRef = FFE650EF28AE9C5400AA1DCE /* QuestionsViewController.swift */; };
		FFE865B728C1118A00159730 /* QuestionsModel.swift in Sources */ = {isa = PBXBuildFile; fileRef = FFE865B628C1118A00159730 /* QuestionsModel.swift */; };
		FFED14BD28ABCE9000C94F37 /* PollModel.swift in Sources */ = {isa = PBXBuildFile; fileRef = FFED14BC28ABCE9000C94F37 /* PollModel.swift */; };
/* End PBXBuildFile section */

/* Begin PBXFileReference section */
		FF2D2AB128B40EA700C64947 /* Base */ = {isa = PBXFileReference; lastKnownFileType = file.storyboard; name = Base; path = Quiz/Base.lproj/LoginViewController.storyboard; sourceTree = "<group>"; };
		FF2D2AB328B40EE500C64947 /* MainViewController.storyboard */ = {isa = PBXFileReference; fileEncoding = 4; lastKnownFileType = file.storyboard; path = MainViewController.storyboard; sourceTree = "<group>"; };
		FF2D2AB628B40F4600C64947 /* Base */ = {isa = PBXFileReference; lastKnownFileType = file.storyboard; name = Base; path = Quiz/Base.lproj/QuestionsViewController.storyboard; sourceTree = "<group>"; };
		FF75725C28AFF9C700C549A3 /* ProgressView.swift */ = {isa = PBXFileReference; lastKnownFileType = sourcecode.swift; path = ProgressView.swift; sourceTree = "<group>"; };
		FF75725E28AFF9E800C549A3 /* ProgressView.xib */ = {isa = PBXFileReference; lastKnownFileType = file.xib; path = ProgressView.xib; sourceTree = "<group>"; };
		FF75726028AFFA0A00C549A3 /* +UIView.swift */ = {isa = PBXFileReference; lastKnownFileType = sourcecode.swift; path = "+UIView.swift"; sourceTree = "<group>"; };
		FFA069F328ABA20600E873C1 /* Quiz.app */ = {isa = PBXFileReference; explicitFileType = wrapper.application; includeInIndex = 0; path = Quiz.app; sourceTree = BUILT_PRODUCTS_DIR; };
		FFA069F628ABA20600E873C1 /* AppDelegate.swift */ = {isa = PBXFileReference; lastKnownFileType = sourcecode.swift; path = AppDelegate.swift; sourceTree = "<group>"; };
		FFA069F828ABA20600E873C1 /* SceneDelegate.swift */ = {isa = PBXFileReference; lastKnownFileType = sourcecode.swift; path = SceneDelegate.swift; sourceTree = "<group>"; };
		FFA069FF28ABA20900E873C1 /* Assets.xcassets */ = {isa = PBXFileReference; lastKnownFileType = folder.assetcatalog; path = Assets.xcassets; sourceTree = "<group>"; };
		FFA06A0228ABA20900E873C1 /* Base */ = {isa = PBXFileReference; lastKnownFileType = file.storyboard; name = Base; path = Base.lproj/LaunchScreen.storyboard; sourceTree = "<group>"; };
		FFA06A0428ABA20900E873C1 /* Info.plist */ = {isa = PBXFileReference; lastKnownFileType = text.plist.xml; path = Info.plist; sourceTree = "<group>"; };
		FFB50DA228B7C9AC003B4F95 /* QuestionsView.swift */ = {isa = PBXFileReference; lastKnownFileType = sourcecode.swift; path = QuestionsView.swift; sourceTree = "<group>"; };
		FFB50DA428B7C9C3003B4F95 /* QuestionsView.xib */ = {isa = PBXFileReference; lastKnownFileType = file.xib; path = QuestionsView.xib; sourceTree = "<group>"; };
		FFB50DA628B7CB63003B4F95 /* MainView.swift */ = {isa = PBXFileReference; lastKnownFileType = sourcecode.swift; path = MainView.swift; sourceTree = "<group>"; };
		FFB50DA828B7CB7B003B4F95 /* MainView.xib */ = {isa = PBXFileReference; lastKnownFileType = file.xib; path = MainView.xib; sourceTree = "<group>"; };
		FFB50DAA28B7CBE7003B4F95 /* LoginView.swift */ = {isa = PBXFileReference; lastKnownFileType = sourcecode.swift; path = LoginView.swift; sourceTree = "<group>"; };
		FFB50DAC28B7CBF3003B4F95 /* LoginView.xib */ = {isa = PBXFileReference; lastKnownFileType = file.xib; path = LoginView.xib; sourceTree = "<group>"; };
		FFE650EB28AE9BDC00AA1DCE /* LoginViewController.swift */ = {isa = PBXFileReference; lastKnownFileType = sourcecode.swift; path = LoginViewController.swift; sourceTree = "<group>"; };
		FFE650ED28AE9C3C00AA1DCE /* MainViewController.swift */ = {isa = PBXFileReference; lastKnownFileType = sourcecode.swift; path = MainViewController.swift; sourceTree = "<group>"; };
		FFE650EF28AE9C5400AA1DCE /* QuestionsViewController.swift */ = {isa = PBXFileReference; lastKnownFileType = sourcecode.swift; path = QuestionsViewController.swift; sourceTree = "<group>"; };
		FFE865B628C1118A00159730 /* QuestionsModel.swift */ = {isa = PBXFileReference; lastKnownFileType = sourcecode.swift; path = QuestionsModel.swift; sourceTree = "<group>"; };
		FFED14BC28ABCE9000C94F37 /* PollModel.swift */ = {isa = PBXFileReference; lastKnownFileType = sourcecode.swift; path = PollModel.swift; sourceTree = "<group>"; };
/* End PBXFileReference section */

/* Begin PBXFrameworksBuildPhase section */
		FFA069F028ABA20600E873C1 /* Frameworks */ = {
			isa = PBXFrameworksBuildPhase;
			buildActionMask = 2147483647;
			files = (
			);
			runOnlyForDeploymentPostprocessing = 0;
		};
/* End PBXFrameworksBuildPhase section */

/* Begin PBXGroup section */
		FF75725728AFEDA300C549A3 /* CustomProgressView */ = {
			isa = PBXGroup;
			children = (
				FF75726028AFFA0A00C549A3 /* +UIView.swift */,
				FF75725C28AFF9C700C549A3 /* ProgressView.swift */,
				FF75725E28AFF9E800C549A3 /* ProgressView.xib */,
			);
			path = CustomProgressView;
			sourceTree = "<group>";
		};
		FFA069EA28ABA20600E873C1 = {
			isa = PBXGroup;
			children = (
				FFA069F528ABA20600E873C1 /* Quiz */,
				FFA069F428ABA20600E873C1 /* Products */,
			);
			sourceTree = "<group>";
		};
		FFA069F428ABA20600E873C1 /* Products */ = {
			isa = PBXGroup;
			children = (
				FFA069F328ABA20600E873C1 /* Quiz.app */,
			);
			name = Products;
			sourceTree = "<group>";
		};
		FFA069F528ABA20600E873C1 /* Quiz */ = {
			isa = PBXGroup;
			children = (
				FFA069F628ABA20600E873C1 /* AppDelegate.swift */,
				FFA069F828ABA20600E873C1 /* SceneDelegate.swift */,
				FFED14BC28ABCE9000C94F37 /* PollModel.swift */,
				FF75725728AFEDA300C549A3 /* CustomProgressView */,
				FFA30A3228B014A3009DC394 /* LoginViewController */,
				FFA30A3028B0141D009DC394 /* MainViewController */,
				FFA30A3328B014CA009DC394 /* QuestionsViewController */,
				FFA069FF28ABA20900E873C1 /* Assets.xcassets */,
				FFA06A0128ABA20900E873C1 /* LaunchScreen.storyboard */,
				FFA06A0428ABA20900E873C1 /* Info.plist */,
			);
			path = Quiz;
			sourceTree = "<group>";
		};
		FFA30A3028B0141D009DC394 /* MainViewController */ = {
			isa = PBXGroup;
			children = (
				FFE650ED28AE9C3C00AA1DCE /* MainViewController.swift */,
				FF2D2AB328B40EE500C64947 /* MainViewController.storyboard */,
				FFB50DA628B7CB63003B4F95 /* MainView.swift */,
				FFB50DA828B7CB7B003B4F95 /* MainView.xib */,
			);
			path = MainViewController;
			sourceTree = "<group>";
		};
		FFA30A3228B014A3009DC394 /* LoginViewController */ = {
			isa = PBXGroup;
			children = (
				FFE650EB28AE9BDC00AA1DCE /* LoginViewController.swift */,
				FF2D2AB028B40EA700C64947 /* LoginViewController.storyboard */,
				FFB50DAA28B7CBE7003B4F95 /* LoginView.swift */,
				FFB50DAC28B7CBF3003B4F95 /* LoginView.xib */,
			);
			path = LoginViewController;
			sourceTree = "<group>";
		};
		FFA30A3328B014CA009DC394 /* QuestionsViewController */ = {
			isa = PBXGroup;
			children = (
				FFE650EF28AE9C5400AA1DCE /* QuestionsViewController.swift */,
				FF2D2AB528B40F4600C64947 /* QuestionsViewController.storyboard */,
				FFB50DA228B7C9AC003B4F95 /* QuestionsView.swift */,
				FFE865B628C1118A00159730 /* QuestionsModel.swift */,
				FFB50DA428B7C9C3003B4F95 /* QuestionsView.xib */,
			);
			path = QuestionsViewController;
			sourceTree = "<group>";
		};
/* End PBXGroup section */

/* Begin PBXNativeTarget section */
		FFA069F228ABA20600E873C1 /* Quiz */ = {
			isa = PBXNativeTarget;
			buildConfigurationList = FFA06A0728ABA20900E873C1 /* Build configuration list for PBXNativeTarget "Quiz" */;
			buildPhases = (
				FFA069EF28ABA20600E873C1 /* Sources */,
				FFA069F028ABA20600E873C1 /* Frameworks */,
				FFA069F128ABA20600E873C1 /* Resources */,
			);
			buildRules = (
			);
			dependencies = (
			);
			name = Quiz;
			productName = Quiz;
			productReference = FFA069F328ABA20600E873C1 /* Quiz.app */;
			productType = "com.apple.product-type.application";
		};
/* End PBXNativeTarget section */

/* Begin PBXProject section */
		FFA069EB28ABA20600E873C1 /* Project object */ = {
			isa = PBXProject;
			attributes = {
				BuildIndependentTargetsInParallel = 1;
				LastSwiftUpdateCheck = 1340;
				LastUpgradeCheck = 1340;
				TargetAttributes = {
					FFA069F228ABA20600E873C1 = {
						CreatedOnToolsVersion = 13.4;
					};
				};
			};
			buildConfigurationList = FFA069EE28ABA20600E873C1 /* Build configuration list for PBXProject "Quiz" */;
			compatibilityVersion = "Xcode 13.0";
			developmentRegion = en;
			hasScannedForEncodings = 0;
			knownRegions = (
				en,
				Base,
			);
			mainGroup = FFA069EA28ABA20600E873C1;
			productRefGroup = FFA069F428ABA20600E873C1 /* Products */;
			projectDirPath = "";
			projectRoot = "";
			targets = (
				FFA069F228ABA20600E873C1 /* Quiz */,
			);
		};
/* End PBXProject section */

/* Begin PBXResourcesBuildPhase section */
		FFA069F128ABA20600E873C1 /* Resources */ = {
			isa = PBXResourcesBuildPhase;
			buildActionMask = 2147483647;
			files = (
				FFA06A0328ABA20900E873C1 /* LaunchScreen.storyboard in Resources */,
				FFB50DA528B7C9C3003B4F95 /* QuestionsView.xib in Resources */,
				FFB50DAD28B7CBF3003B4F95 /* LoginView.xib in Resources */,
				FF75725F28AFF9E800C549A3 /* ProgressView.xib in Resources */,
				FF2D2AB228B40EA700C64947 /* LoginViewController.storyboard in Resources */,
				FF2D2AB728B40F4600C64947 /* QuestionsViewController.storyboard in Resources */,
				FFB50DA928B7CB7B003B4F95 /* MainView.xib in Resources */,
				FFA06A0028ABA20900E873C1 /* Assets.xcassets in Resources */,
				FF2D2AB428B40EE500C64947 /* MainViewController.storyboard in Resources */,
			);
			runOnlyForDeploymentPostprocessing = 0;
		};
/* End PBXResourcesBuildPhase section */

/* Begin PBXSourcesBuildPhase section */
		FFA069EF28ABA20600E873C1 /* Sources */ = {
			isa = PBXSourcesBuildPhase;
			buildActionMask = 2147483647;
			files = (
				FFE650F028AE9C5400AA1DCE /* QuestionsViewController.swift in Sources */,
				FFA069F728ABA20600E873C1 /* AppDelegate.swift in Sources */,
				FFED14BD28ABCE9000C94F37 /* PollModel.swift in Sources */,
				FFE865B728C1118A00159730 /* QuestionsModel.swift in Sources */,
				FFB50DA728B7CB63003B4F95 /* MainView.swift in Sources */,
				FFE650EE28AE9C3C00AA1DCE /* MainViewController.swift in Sources */,
				FF75726128AFFA0A00C549A3 /* +UIView.swift in Sources */,
				FF75725D28AFF9C700C549A3 /* ProgressView.swift in Sources */,
				FFE650EC28AE9BDC00AA1DCE /* LoginViewController.swift in Sources */,
				FFB50DAB28B7CBE7003B4F95 /* LoginView.swift in Sources */,
				FFA069F928ABA20600E873C1 /* SceneDelegate.swift in Sources */,
				FFB50DA328B7C9AC003B4F95 /* QuestionsView.swift in Sources */,
			);
			runOnlyForDeploymentPostprocessing = 0;
		};
/* End PBXSourcesBuildPhase section */

/* Begin PBXVariantGroup section */
		FF2D2AB028B40EA700C64947 /* LoginViewController.storyboard */ = {
			isa = PBXVariantGroup;
			children = (
				FF2D2AB128B40EA700C64947 /* Base */,
			);
			name = LoginViewController.storyboard;
			sourceTree = "<group>";
		};
		FF2D2AB528B40F4600C64947 /* QuestionsViewController.storyboard */ = {
			isa = PBXVariantGroup;
			children = (
				FF2D2AB628B40F4600C64947 /* Base */,
			);
			name = QuestionsViewController.storyboard;
			sourceTree = "<group>";
		};
		FFA06A0128ABA20900E873C1 /* LaunchScreen.storyboard */ = {
			isa = PBXVariantGroup;
			children = (
				FFA06A0228ABA20900E873C1 /* Base */,
			);
			name = LaunchScreen.storyboard;
			sourceTree = "<group>";
		};
/* End PBXVariantGroup section */

/* Begin XCBuildConfiguration section */
		FFA06A0528ABA20900E873C1 /* Debug */ = {
			isa = XCBuildConfiguration;
			buildSettings = {
				ALWAYS_SEARCH_USER_PATHS = NO;
				CLANG_ANALYZER_NONNULL = YES;
				CLANG_ANALYZER_NUMBER_OBJECT_CONVERSION = YES_AGGRESSIVE;
				CLANG_CXX_LANGUAGE_STANDARD = "gnu++17";
				CLANG_ENABLE_MODULES = YES;
				CLANG_ENABLE_OBJC_ARC = YES;
				CLANG_ENABLE_OBJC_WEAK = YES;
				CLANG_WARN_BLOCK_CAPTURE_AUTORELEASING = YES;
				CLANG_WARN_BOOL_CONVERSION = YES;
				CLANG_WARN_COMMA = YES;
				CLANG_WARN_CONSTANT_CONVERSION = YES;
				CLANG_WARN_DEPRECATED_OBJC_IMPLEMENTATIONS = YES;
				CLANG_WARN_DIRECT_OBJC_ISA_USAGE = YES_ERROR;
				CLANG_WARN_DOCUMENTATION_COMMENTS = YES;
				CLANG_WARN_EMPTY_BODY = YES;
				CLANG_WARN_ENUM_CONVERSION = YES;
				CLANG_WARN_INFINITE_RECURSION = YES;
				CLANG_WARN_INT_CONVERSION = YES;
				CLANG_WARN_NON_LITERAL_NULL_CONVERSION = YES;
				CLANG_WARN_OBJC_IMPLICIT_RETAIN_SELF = YES;
				CLANG_WARN_OBJC_LITERAL_CONVERSION = YES;
				CLANG_WARN_OBJC_ROOT_CLASS = YES_ERROR;
				CLANG_WARN_QUOTED_INCLUDE_IN_FRAMEWORK_HEADER = YES;
				CLANG_WARN_RANGE_LOOP_ANALYSIS = YES;
				CLANG_WARN_STRICT_PROTOTYPES = YES;
				CLANG_WARN_SUSPICIOUS_MOVE = YES;
				CLANG_WARN_UNGUARDED_AVAILABILITY = YES_AGGRESSIVE;
				CLANG_WARN_UNREACHABLE_CODE = YES;
				CLANG_WARN__DUPLICATE_METHOD_MATCH = YES;
				COPY_PHASE_STRIP = NO;
				DEBUG_INFORMATION_FORMAT = dwarf;
				ENABLE_STRICT_OBJC_MSGSEND = YES;
				ENABLE_TESTABILITY = YES;
				GCC_C_LANGUAGE_STANDARD = gnu11;
				GCC_DYNAMIC_NO_PIC = NO;
				GCC_NO_COMMON_BLOCKS = YES;
				GCC_OPTIMIZATION_LEVEL = 0;
				GCC_PREPROCESSOR_DEFINITIONS = (
					"DEBUG=1",
					"$(inherited)",
				);
				GCC_WARN_64_TO_32_BIT_CONVERSION = YES;
				GCC_WARN_ABOUT_RETURN_TYPE = YES_ERROR;
				GCC_WARN_UNDECLARED_SELECTOR = YES;
				GCC_WARN_UNINITIALIZED_AUTOS = YES_AGGRESSIVE;
				GCC_WARN_UNUSED_FUNCTION = YES;
				GCC_WARN_UNUSED_VARIABLE = YES;
				IPHONEOS_DEPLOYMENT_TARGET = 15.5;
				MTL_ENABLE_DEBUG_INFO = INCLUDE_SOURCE;
				MTL_FAST_MATH = YES;
				ONLY_ACTIVE_ARCH = YES;
				SDKROOT = iphoneos;
				SWIFT_ACTIVE_COMPILATION_CONDITIONS = DEBUG;
				SWIFT_OPTIMIZATION_LEVEL = "-Onone";
			};
			name = Debug;
		};
		FFA06A0628ABA20900E873C1 /* Release */ = {
			isa = XCBuildConfiguration;
			buildSettings = {
				ALWAYS_SEARCH_USER_PATHS = NO;
				CLANG_ANALYZER_NONNULL = YES;
				CLANG_ANALYZER_NUMBER_OBJECT_CONVERSION = YES_AGGRESSIVE;
				CLANG_CXX_LANGUAGE_STANDARD = "gnu++17";
				CLANG_ENABLE_MODULES = YES;
				CLANG_ENABLE_OBJC_ARC = YES;
				CLANG_ENABLE_OBJC_WEAK = YES;
				CLANG_WARN_BLOCK_CAPTURE_AUTORELEASING = YES;
				CLANG_WARN_BOOL_CONVERSION = YES;
				CLANG_WARN_COMMA = YES;
				CLANG_WARN_CONSTANT_CONVERSION = YES;
				CLANG_WARN_DEPRECATED_OBJC_IMPLEMENTATIONS = YES;
				CLANG_WARN_DIRECT_OBJC_ISA_USAGE = YES_ERROR;
				CLANG_WARN_DOCUMENTATION_COMMENTS = YES;
				CLANG_WARN_EMPTY_BODY = YES;
				CLANG_WARN_ENUM_CONVERSION = YES;
				CLANG_WARN_INFINITE_RECURSION = YES;
				CLANG_WARN_INT_CONVERSION = YES;
				CLANG_WARN_NON_LITERAL_NULL_CONVERSION = YES;
				CLANG_WARN_OBJC_IMPLICIT_RETAIN_SELF = YES;
				CLANG_WARN_OBJC_LITERAL_CONVERSION = YES;
				CLANG_WARN_OBJC_ROOT_CLASS = YES_ERROR;
				CLANG_WARN_QUOTED_INCLUDE_IN_FRAMEWORK_HEADER = YES;
				CLANG_WARN_RANGE_LOOP_ANALYSIS = YES;
				CLANG_WARN_STRICT_PROTOTYPES = YES;
				CLANG_WARN_SUSPICIOUS_MOVE = YES;
				CLANG_WARN_UNGUARDED_AVAILABILITY = YES_AGGRESSIVE;
				CLANG_WARN_UNREACHABLE_CODE = YES;
				CLANG_WARN__DUPLICATE_METHOD_MATCH = YES;
				COPY_PHASE_STRIP = NO;
				DEBUG_INFORMATION_FORMAT = "dwarf-with-dsym";
				ENABLE_NS_ASSERTIONS = NO;
				ENABLE_STRICT_OBJC_MSGSEND = YES;
				GCC_C_LANGUAGE_STANDARD = gnu11;
				GCC_NO_COMMON_BLOCKS = YES;
				GCC_WARN_64_TO_32_BIT_CONVERSION = YES;
				GCC_WARN_ABOUT_RETURN_TYPE = YES_ERROR;
				GCC_WARN_UNDECLARED_SELECTOR = YES;
				GCC_WARN_UNINITIALIZED_AUTOS = YES_AGGRESSIVE;
				GCC_WARN_UNUSED_FUNCTION = YES;
				GCC_WARN_UNUSED_VARIABLE = YES;
				IPHONEOS_DEPLOYMENT_TARGET = 15.5;
				MTL_ENABLE_DEBUG_INFO = NO;
				MTL_FAST_MATH = YES;
				SDKROOT = iphoneos;
				SWIFT_COMPILATION_MODE = wholemodule;
				SWIFT_OPTIMIZATION_LEVEL = "-O";
				VALIDATE_PRODUCT = YES;
			};
			name = Release;
		};
		FFA06A0828ABA20900E873C1 /* Debug */ = {
			isa = XCBuildConfiguration;
			buildSettings = {
				ASSETCATALOG_COMPILER_APPICON_NAME = AppIcon;
				ASSETCATALOG_COMPILER_GLOBAL_ACCENT_COLOR_NAME = AccentColor;
				CODE_SIGN_STYLE = Automatic;
				CURRENT_PROJECT_VERSION = 1;
				DEVELOPMENT_TEAM = 53VJ36KWD5;
				GENERATE_INFOPLIST_FILE = YES;
				INFOPLIST_FILE = Quiz/Info.plist;
				INFOPLIST_KEY_CFBundleDisplayName = Quiz;
				INFOPLIST_KEY_UIApplicationSupportsIndirectInputEvents = YES;
				INFOPLIST_KEY_UILaunchStoryboardName = LaunchScreen;
				INFOPLIST_KEY_UIMainStoryboardFile = LoginViewController;
				INFOPLIST_KEY_UISupportedInterfaceOrientations_iPad = "UIInterfaceOrientationPortrait UIInterfaceOrientationPortraitUpsideDown UIInterfaceOrientationLandscapeLeft UIInterfaceOrientationLandscapeRight";
				INFOPLIST_KEY_UISupportedInterfaceOrientations_iPhone = "UIInterfaceOrientationPortrait UIInterfaceOrientationLandscapeLeft UIInterfaceOrientationLandscapeRight";
				LD_RUNPATH_SEARCH_PATHS = (
					"$(inherited)",
					"@executable_path/Frameworks",
				);
				MARKETING_VERSION = 1.0;
				PRODUCT_BUNDLE_IDENTIFIER = "ru.peace-maker.Quiz";
				PRODUCT_NAME = "$(TARGET_NAME)";
				SWIFT_EMIT_LOC_STRINGS = YES;
				SWIFT_VERSION = 5.0;
				TARGETED_DEVICE_FAMILY = 1;
			};
			name = Debug;
		};
		FFA06A0928ABA20900E873C1 /* Release */ = {
			isa = XCBuildConfiguration;
			buildSettings = {
				ASSETCATALOG_COMPILER_APPICON_NAME = AppIcon;
				ASSETCATALOG_COMPILER_GLOBAL_ACCENT_COLOR_NAME = AccentColor;
				CODE_SIGN_STYLE = Automatic;
				CURRENT_PROJECT_VERSION = 1;
				DEVELOPMENT_TEAM = 53VJ36KWD5;
				GENERATE_INFOPLIST_FILE = YES;
				INFOPLIST_FILE = Quiz/Info.plist;
				INFOPLIST_KEY_CFBundleDisplayName = Quiz;
				INFOPLIST_KEY_UIApplicationSupportsIndirectInputEvents = YES;
				INFOPLIST_KEY_UILaunchStoryboardName = LaunchScreen;
				INFOPLIST_KEY_UIMainStoryboardFile = LoginViewController;
				INFOPLIST_KEY_UISupportedInterfaceOrientations_iPad = "UIInterfaceOrientationPortrait UIInterfaceOrientationPortraitUpsideDown UIInterfaceOrientationLandscapeLeft UIInterfaceOrientationLandscapeRight";
				INFOPLIST_KEY_UISupportedInterfaceOrientations_iPhone = "UIInterfaceOrientationPortrait UIInterfaceOrientationLandscapeLeft UIInterfaceOrientationLandscapeRight";
				LD_RUNPATH_SEARCH_PATHS = (
					"$(inherited)",
					"@executable_path/Frameworks",
				);
				MARKETING_VERSION = 1.0;
				PRODUCT_BUNDLE_IDENTIFIER = "ru.peace-maker.Quiz";
				PRODUCT_NAME = "$(TARGET_NAME)";
				SWIFT_EMIT_LOC_STRINGS = YES;
				SWIFT_VERSION = 5.0;
				TARGETED_DEVICE_FAMILY = 1;
			};
			name = Release;
		};
/* End XCBuildConfiguration section */

/* Begin XCConfigurationList section */
		FFA069EE28ABA20600E873C1 /* Build configuration list for PBXProject "Quiz" */ = {
			isa = XCConfigurationList;
			buildConfigurations = (
				FFA06A0528ABA20900E873C1 /* Debug */,
				FFA06A0628ABA20900E873C1 /* Release */,
			);
			defaultConfigurationIsVisible = 0;
			defaultConfigurationName = Release;
		};
		FFA06A0728ABA20900E873C1 /* Build configuration list for PBXNativeTarget "Quiz" */ = {
			isa = XCConfigurationList;
			buildConfigurations = (
				FFA06A0828ABA20900E873C1 /* Debug */,
				FFA06A0928ABA20900E873C1 /* Release */,
			);
			defaultConfigurationIsVisible = 0;
			defaultConfigurationName = Release;
		};
/* End XCConfigurationList section */
	};
	rootObject = FFA069EB28ABA20600E873C1 /* Project object */;
}
